// !$*UTF8*$!
{
	archiveVersion = 1;
	classes = {
	};
	objectVersion = 50;
	objects = {

/* Begin PBXBuildFile section */
		41008E5424EC6491009461B8 /* main.swift in Sources */ = {isa = PBXBuildFile; fileRef = 41008E5324EC6491009461B8 /* main.swift */; };
		41008E5C24ED6E9E009461B8 /* FileHandle+SORAdditions.swift in Sources */ = {isa = PBXBuildFile; fileRef = 41008E5B24ED6E9E009461B8 /* FileHandle+SORAdditions.swift */; };
		41008E5E24ED6F25009461B8 /* SORBlockHeader.swift in Sources */ = {isa = PBXBuildFile; fileRef = 41008E5D24ED6F25009461B8 /* SORBlockHeader.swift */; };
		41008E6024ED6F49009461B8 /* SORVersion.swift in Sources */ = {isa = PBXBuildFile; fileRef = 41008E5F24ED6F49009461B8 /* SORVersion.swift */; };
		41008E6224EDC171009461B8 /* SORMap.swift in Sources */ = {isa = PBXBuildFile; fileRef = 41008E6124EDC171009461B8 /* SORMap.swift */; };
		41008E6624EE640B009461B8 /* SORGeneralParams.swift in Sources */ = {isa = PBXBuildFile; fileRef = 41008E6524EE640B009461B8 /* SORGeneralParams.swift */; };
		41008E6824EE6828009461B8 /* SORSupplierParams.swift in Sources */ = {isa = PBXBuildFile; fileRef = 41008E6724EE6828009461B8 /* SORSupplierParams.swift */; };
		41008E6A24EE6DA6009461B8 /* SORFixedParams.swift in Sources */ = {isa = PBXBuildFile; fileRef = 41008E6924EE6DA6009461B8 /* SORFixedParams.swift */; };
		41008E6C24EE7D3F009461B8 /* SORKeyEvents.swift in Sources */ = {isa = PBXBuildFile; fileRef = 41008E6B24EE7D3F009461B8 /* SORKeyEvents.swift */; };
		41008E6E24EEB377009461B8 /* SORDataPoints.swift in Sources */ = {isa = PBXBuildFile; fileRef = 41008E6D24EEB377009461B8 /* SORDataPoints.swift */; };
		41008E7024EFC85F009461B8 /* SORCheckSum.swift in Sources */ = {isa = PBXBuildFile; fileRef = 41008E6F24EFC85F009461B8 /* SORCheckSum.swift */; };
		9E88DFBD291010D900BD7FE2 /* Test.sor in CopyFiles */ = {isa = PBXBuildFile; fileRef = 9E88DFBB29100E9D00BD7FE2 /* Test.sor */; };
/* End PBXBuildFile section */

/* Begin PBXCopyFilesBuildPhase section */
		41008E4E24EC6491009461B8 /* CopyFiles */ = {
			isa = PBXCopyFilesBuildPhase;
			buildActionMask = 12;
			dstPath = "";
			dstSubfolderSpec = 7;
			files = (
				9E88DFBD291010D900BD7FE2 /* Test.sor in CopyFiles */,
			);
			runOnlyForDeploymentPostprocessing = 0;
		};
/* End PBXCopyFilesBuildPhase section */

/* Begin PBXFileReference section */
		41008E5024EC6491009461B8 /* SORParser */ = {isa = PBXFileReference; explicitFileType = "compiled.mach-o.executable"; includeInIndex = 0; path = SORParser; sourceTree = BUILT_PRODUCTS_DIR; };
		41008E5324EC6491009461B8 /* main.swift */ = {isa = PBXFileReference; lastKnownFileType = sourcecode.swift; path = main.swift; sourceTree = "<group>"; };
		41008E5B24ED6E9E009461B8 /* FileHandle+SORAdditions.swift */ = {isa = PBXFileReference; lastKnownFileType = sourcecode.swift; path = "FileHandle+SORAdditions.swift"; sourceTree = "<group>"; };
		41008E5D24ED6F25009461B8 /* SORBlockHeader.swift */ = {isa = PBXFileReference; lastKnownFileType = sourcecode.swift; path = SORBlockHeader.swift; sourceTree = "<group>"; };
		41008E5F24ED6F49009461B8 /* SORVersion.swift */ = {isa = PBXFileReference; lastKnownFileType = sourcecode.swift; path = SORVersion.swift; sourceTree = "<group>"; };
		41008E6124EDC171009461B8 /* SORMap.swift */ = {isa = PBXFileReference; lastKnownFileType = sourcecode.swift; path = SORMap.swift; sourceTree = "<group>"; };
		41008E6524EE640B009461B8 /* SORGeneralParams.swift */ = {isa = PBXFileReference; lastKnownFileType = sourcecode.swift; path = SORGeneralParams.swift; sourceTree = "<group>"; };
		41008E6724EE6828009461B8 /* SORSupplierParams.swift */ = {isa = PBXFileReference; lastKnownFileType = sourcecode.swift; path = SORSupplierParams.swift; sourceTree = "<group>"; };
		41008E6924EE6DA6009461B8 /* SORFixedParams.swift */ = {isa = PBXFileReference; lastKnownFileType = sourcecode.swift; path = SORFixedParams.swift; sourceTree = "<group>"; };
		41008E6B24EE7D3F009461B8 /* SORKeyEvents.swift */ = {isa = PBXFileReference; lastKnownFileType = sourcecode.swift; path = SORKeyEvents.swift; sourceTree = "<group>"; };
		41008E6D24EEB377009461B8 /* SORDataPoints.swift */ = {isa = PBXFileReference; lastKnownFileType = sourcecode.swift; path = SORDataPoints.swift; sourceTree = "<group>"; };
		41008E6F24EFC85F009461B8 /* SORCheckSum.swift */ = {isa = PBXFileReference; lastKnownFileType = sourcecode.swift; path = SORCheckSum.swift; sourceTree = "<group>"; };
		9E88DFBB29100E9D00BD7FE2 /* Test.sor */ = {isa = PBXFileReference; lastKnownFileType = file; path = Test.sor; sourceTree = "<group>"; };
/* End PBXFileReference section */

/* Begin PBXFrameworksBuildPhase section */
		41008E4D24EC6491009461B8 /* Frameworks */ = {
			isa = PBXFrameworksBuildPhase;
			buildActionMask = 2147483647;
			files = (
			);
			runOnlyForDeploymentPostprocessing = 0;
		};
/* End PBXFrameworksBuildPhase section */

/* Begin PBXGroup section */
		41008E4724EC6491009461B8 = {
			isa = PBXGroup;
			children = (
				41008E5224EC6491009461B8 /* SORParser */,
				41008E5124EC6491009461B8 /* Products */,
			);
			sourceTree = "<group>";
		};
		41008E5124EC6491009461B8 /* Products */ = {
			isa = PBXGroup;
			children = (
				41008E5024EC6491009461B8 /* SORParser */,
			);
			name = Products;
			sourceTree = "<group>";
		};
		41008E5224EC6491009461B8 /* SORParser */ = {
			isa = PBXGroup;
			children = (
				9E88DFBB29100E9D00BD7FE2 /* Test.sor */,
				41008E5324EC6491009461B8 /* main.swift */,
				41008E5B24ED6E9E009461B8 /* FileHandle+SORAdditions.swift */,
				41008E6524EE640B009461B8 /* SORGeneralParams.swift */,
				41008E6724EE6828009461B8 /* SORSupplierParams.swift */,
				41008E6924EE6DA6009461B8 /* SORFixedParams.swift */,
				41008E5D24ED6F25009461B8 /* SORBlockHeader.swift */,
				41008E5F24ED6F49009461B8 /* SORVersion.swift */,
				41008E6124EDC171009461B8 /* SORMap.swift */,
				41008E6B24EE7D3F009461B8 /* SORKeyEvents.swift */,
				41008E6D24EEB377009461B8 /* SORDataPoints.swift */,
				41008E6F24EFC85F009461B8 /* SORCheckSum.swift */,
			);
			path = SORParser;
			sourceTree = "<group>";
		};
/* End PBXGroup section */

/* Begin PBXNativeTarget section */
		41008E4F24EC6491009461B8 /* SORParser */ = {
			isa = PBXNativeTarget;
			buildConfigurationList = 41008E5724EC6491009461B8 /* Build configuration list for PBXNativeTarget "SORParser" */;
			buildPhases = (
				41008E4C24EC6491009461B8 /* Sources */,
				41008E4D24EC6491009461B8 /* Frameworks */,
				41008E4E24EC6491009461B8 /* CopyFiles */,
			);
			buildRules = (
			);
			dependencies = (
			);
			name = SORParser;
			productName = SORParser;
			productReference = 41008E5024EC6491009461B8 /* SORParser */;
			productType = "com.apple.product-type.tool";
		};
/* End PBXNativeTarget section */

/* Begin PBXProject section */
		41008E4824EC6491009461B8 /* Project object */ = {
			isa = PBXProject;
			attributes = {
				LastSwiftUpdateCheck = 1160;
				LastUpgradeCheck = 1160;
				ORGANIZATIONNAME = Home;
				TargetAttributes = {
					41008E4F24EC6491009461B8 = {
						CreatedOnToolsVersion = 11.6;
					};
				};
			};
			buildConfigurationList = 41008E4B24EC6491009461B8 /* Build configuration list for PBXProject "SORParser" */;
			compatibilityVersion = "Xcode 9.3";
			developmentRegion = en;
			hasScannedForEncodings = 0;
			knownRegions = (
				en,
				Base,
			);
			mainGroup = 41008E4724EC6491009461B8;
			productRefGroup = 41008E5124EC6491009461B8 /* Products */;
			projectDirPath = "";
			projectRoot = "";
			targets = (
				41008E4F24EC6491009461B8 /* SORParser */,
			);
		};
/* End PBXProject section */

/* Begin PBXSourcesBuildPhase section */
		41008E4C24EC6491009461B8 /* Sources */ = {
			isa = PBXSourcesBuildPhase;
			buildActionMask = 2147483647;
			files = (
				41008E5424EC6491009461B8 /* main.swift in Sources */,
				41008E6C24EE7D3F009461B8 /* SORKeyEvents.swift in Sources */,
				41008E6624EE640B009461B8 /* SORGeneralParams.swift in Sources */,
				41008E6224EDC171009461B8 /* SORMap.swift in Sources */,
				41008E6024ED6F49009461B8 /* SORVersion.swift in Sources */,
				41008E5E24ED6F25009461B8 /* SORBlockHeader.swift in Sources */,
				41008E7024EFC85F009461B8 /* SORCheckSum.swift in Sources */,
				41008E5C24ED6E9E009461B8 /* FileHandle+SORAdditions.swift in Sources */,
				41008E6E24EEB377009461B8 /* SORDataPoints.swift in Sources */,
				41008E6824EE6828009461B8 /* SORSupplierParams.swift in Sources */,
				41008E6A24EE6DA6009461B8 /* SORFixedParams.swift in Sources */,
			);
			runOnlyForDeploymentPostprocessing = 0;
		};
/* End PBXSourcesBuildPhase section */

/* Begin XCBuildConfiguration section */
		41008E5524EC6491009461B8 /* Debug */ = {
			isa = XCBuildConfiguration;
			buildSettings = {
				ALWAYS_SEARCH_USER_PATHS = NO;
				CLANG_ANALYZER_NONNULL = YES;
				CLANG_ANALYZER_NUMBER_OBJECT_CONVERSION = YES_AGGRESSIVE;
				CLANG_CXX_LANGUAGE_STANDARD = "gnu++14";
				CLANG_CXX_LIBRARY = "libc++";
				CLANG_ENABLE_MODULES = YES;
				CLANG_ENABLE_OBJC_ARC = YES;
				CLANG_ENABLE_OBJC_WEAK = YES;
				CLANG_WARN_BLOCK_CAPTURE_AUTORELEASING = YES;
				CLANG_WARN_BOOL_CONVERSION = YES;
				CLANG_WARN_COMMA = YES;
				CLANG_WARN_CONSTANT_CONVERSION = YES;
				CLANG_WARN_DEPRECATED_OBJC_IMPLEMENTATIONS = YES;
				CLANG_WARN_DIRECT_OBJC_ISA_USAGE = YES_ERROR;
				CLANG_WARN_DOCUMENTATION_COMMENTS = YES;
				CLANG_WARN_EMPTY_BODY = YES;
				CLANG_WARN_ENUM_CONVERSION = YES;
				CLANG_WARN_INFINITE_RECURSION = YES;
				CLANG_WARN_INT_CONVERSION = YES;
				CLANG_WARN_NON_LITERAL_NULL_CONVERSION = YES;
				CLANG_WARN_OBJC_IMPLICIT_RETAIN_SELF = YES;
				CLANG_WARN_OBJC_LITERAL_CONVERSION = YES;
				CLANG_WARN_OBJC_ROOT_CLASS = YES_ERROR;
				CLANG_WARN_RANGE_LOOP_ANALYSIS = YES;
				CLANG_WARN_STRICT_PROTOTYPES = YES;
				CLANG_WARN_SUSPICIOUS_MOVE = YES;
				CLANG_WARN_UNGUARDED_AVAILABILITY = YES_AGGRESSIVE;
				CLANG_WARN_UNREACHABLE_CODE = YES;
				CLANG_WARN__DUPLICATE_METHOD_MATCH = YES;
				COPY_PHASE_STRIP = NO;
				DEBUG_INFORMATION_FORMAT = dwarf;
				ENABLE_STRICT_OBJC_MSGSEND = YES;
				ENABLE_TESTABILITY = YES;
				GCC_C_LANGUAGE_STANDARD = gnu11;
				GCC_DYNAMIC_NO_PIC = NO;
				GCC_NO_COMMON_BLOCKS = YES;
				GCC_OPTIMIZATION_LEVEL = 0;
				GCC_PREPROCESSOR_DEFINITIONS = (
					"DEBUG=1",
					"$(inherited)",
				);
				GCC_WARN_64_TO_32_BIT_CONVERSION = YES;
				GCC_WARN_ABOUT_RETURN_TYPE = YES_ERROR;
				GCC_WARN_UNDECLARED_SELECTOR = YES;
				GCC_WARN_UNINITIALIZED_AUTOS = YES_AGGRESSIVE;
				GCC_WARN_UNUSED_FUNCTION = YES;
				GCC_WARN_UNUSED_VARIABLE = YES;
				MACOSX_DEPLOYMENT_TARGET = 10.15;
				MTL_ENABLE_DEBUG_INFO = INCLUDE_SOURCE;
				MTL_FAST_MATH = YES;
				ONLY_ACTIVE_ARCH = YES;
				SDKROOT = macosx;
				SWIFT_ACTIVE_COMPILATION_CONDITIONS = DEBUG;
				SWIFT_OPTIMIZATION_LEVEL = "-Onone";
			};
			name = Debug;
		};
		41008E5624EC6491009461B8 /* Release */ = {
			isa = XCBuildConfiguration;
			buildSettings = {
				ALWAYS_SEARCH_USER_PATHS = NO;
				CLANG_ANALYZER_NONNULL = YES;
				CLANG_ANALYZER_NUMBER_OBJECT_CONVERSION = YES_AGGRESSIVE;
				CLANG_CXX_LANGUAGE_STANDARD = "gnu++14";
				CLANG_CXX_LIBRARY = "libc++";
				CLANG_ENABLE_MODULES = YES;
				CLANG_ENABLE_OBJC_ARC = YES;
				CLANG_ENABLE_OBJC_WEAK = YES;
				CLANG_WARN_BLOCK_CAPTURE_AUTORELEASING = YES;
				CLANG_WARN_BOOL_CONVERSION = YES;
				CLANG_WARN_COMMA = YES;
				CLANG_WARN_CONSTANT_CONVERSION = YES;
				CLANG_WARN_DEPRECATED_OBJC_IMPLEMENTATIONS = YES;
				CLANG_WARN_DIRECT_OBJC_ISA_USAGE = YES_ERROR;
				CLANG_WARN_DOCUMENTATION_COMMENTS = YES;
				CLANG_WARN_EMPTY_BODY = YES;
				CLANG_WARN_ENUM_CONVERSION = YES;
				CLANG_WARN_INFINITE_RECURSION = YES;
				CLANG_WARN_INT_CONVERSION = YES;
				CLANG_WARN_NON_LITERAL_NULL_CONVERSION = YES;
				CLANG_WARN_OBJC_IMPLICIT_RETAIN_SELF = YES;
				CLANG_WARN_OBJC_LITERAL_CONVERSION = YES;
				CLANG_WARN_OBJC_ROOT_CLASS = YES_ERROR;
				CLANG_WARN_RANGE_LOOP_ANALYSIS = YES;
				CLANG_WARN_STRICT_PROTOTYPES = YES;
				CLANG_WARN_SUSPICIOUS_MOVE = YES;
				CLANG_WARN_UNGUARDED_AVAILABILITY = YES_AGGRESSIVE;
				CLANG_WARN_UNREACHABLE_CODE = YES;
				CLANG_WARN__DUPLICATE_METHOD_MATCH = YES;
				COPY_PHASE_STRIP = NO;
				DEBUG_INFORMATION_FORMAT = "dwarf-with-dsym";
				ENABLE_NS_ASSERTIONS = NO;
				ENABLE_STRICT_OBJC_MSGSEND = YES;
				GCC_C_LANGUAGE_STANDARD = gnu11;
				GCC_NO_COMMON_BLOCKS = YES;
				GCC_WARN_64_TO_32_BIT_CONVERSION = YES;
				GCC_WARN_ABOUT_RETURN_TYPE = YES_ERROR;
				GCC_WARN_UNDECLARED_SELECTOR = YES;
				GCC_WARN_UNINITIALIZED_AUTOS = YES_AGGRESSIVE;
				GCC_WARN_UNUSED_FUNCTION = YES;
				GCC_WARN_UNUSED_VARIABLE = YES;
				MACOSX_DEPLOYMENT_TARGET = 10.15;
				MTL_ENABLE_DEBUG_INFO = NO;
				MTL_FAST_MATH = YES;
				SDKROOT = macosx;
				SWIFT_COMPILATION_MODE = wholemodule;
				SWIFT_OPTIMIZATION_LEVEL = "-O";
			};
			name = Release;
		};
		41008E5824EC6491009461B8 /* Debug */ = {
			isa = XCBuildConfiguration;
			buildSettings = {
				CODE_SIGN_STYLE = Automatic;
				PRODUCT_NAME = "$(TARGET_NAME)";
				SWIFT_VERSION = 5.0;
			};
			name = Debug;
		};
		41008E5924EC6491009461B8 /* Release */ = {
			isa = XCBuildConfiguration;
			buildSettings = {
				CODE_SIGN_STYLE = Automatic;
				PRODUCT_NAME = "$(TARGET_NAME)";
				SWIFT_VERSION = 5.0;
			};
			name = Release;
		};
/* End XCBuildConfiguration section */

/* Begin XCConfigurationList section */
		41008E4B24EC6491009461B8 /* Build configuration list for PBXProject "SORParser" */ = {
			isa = XCConfigurationList;
			buildConfigurations = (
				41008E5524EC6491009461B8 /* Debug */,
				41008E5624EC6491009461B8 /* Release */,
			);
			defaultConfigurationIsVisible = 0;
			defaultConfigurationName = Release;
		};
		41008E5724EC6491009461B8 /* Build configuration list for PBXNativeTarget "SORParser" */ = {
			isa = XCConfigurationList;
			buildConfigurations = (
				41008E5824EC6491009461B8 /* Debug */,
				41008E5924EC6491009461B8 /* Release */,
			);
			defaultConfigurationIsVisible = 0;
			defaultConfigurationName = Release;
		};
/* End XCConfigurationList section */
	};
	rootObject = 41008E4824EC6491009461B8 /* Project object */;
}
